
Microsoft Visual Studio Solution File, Format Version 12.00
# Visual Studio Version 17
VisualStudioVersion = 17.8.34330.188
MinimumVisualStudioVersion = 10.0.40219.1
Project("{2150E333-8FDC-42A3-9474-1A3956D46DE8}") = "ChainOfResponsibilityDesignPattern", "ChainOfResponsibilityDesignPattern", "{8F2851EE-395B-4301-A9D5-16AD05F22075}"
EndProject
Project("{9A19103F-16F7-4668-BE54-9A1E7A4F7556}") = "DesignPattern.ChainOfResponsibility", "ChainOfResponsibilityDesignPattern\DesignPattern.ChainOfResponsibility\DesignPattern.ChainOfResponsibility.csproj", "{7E287D1B-E710-4D69-9A6C-2792556A34E0}"
EndProject
Project("{2150E333-8FDC-42A3-9474-1A3956D46DE8}") = "CQRSDesignPattern", "CQRSDesignPattern", "{52060C90-F2D8-43C8-A140-E531AA57C27A}"
EndProject
Project("{9A19103F-16F7-4668-BE54-9A1E7A4F7556}") = "DesignPattern.CQRS", "CQRSDesignPattern\DesignPattern.CQRS\DesignPattern.CQRS.csproj", "{C6EBBF99-6120-49D9-9206-382A9AD67D6E}"
EndProject
Project("{2150E333-8FDC-42A3-9474-1A3956D46DE8}") = "TemplateMethodDesignPattern", "TemplateMethodDesignPattern", "{6D150B41-847E-4A49-A5E6-FC8FBDD81A90}"
EndProject
Project("{9A19103F-16F7-4668-BE54-9A1E7A4F7556}") = "DesignPattern.TemplateMethod", "TemplateMethodDesignPattern\DesignPattern.TemplateMethod\DesignPattern.TemplateMethod.csproj", "{C655E427-EAE8-4805-8713-F984FBCE1E4D}"
EndProject
Project("{2150E333-8FDC-42A3-9474-1A3956D46DE8}") = "ObserverDesignPattern", "ObserverDesignPattern", "{6B352516-A4DB-4754-B61B-14B559CF74FE}"
EndProject
Project("{9A19103F-16F7-4668-BE54-9A1E7A4F7556}") = "DesignPattern.Observer", "ObserverDesignPattern\DesignPattern.Observer\DesignPattern.Observer.csproj", "{03151BD7-71E0-464F-9469-C4481319A0A1}"
EndProject
Project("{2150E333-8FDC-42A3-9474-1A3956D46DE8}") = "UnitOfWorkDesignPattern", "UnitOfWorkDesignPattern", "{30548098-4553-4696-8339-2D41190D3DA7}"
EndProject
Project("{9A19103F-16F7-4668-BE54-9A1E7A4F7556}") = "DesignPattern.UnitOfWork", "UnitOfWorkDesignPattern\DesignPattern.UnitOfWork\DesignPattern.UnitOfWork.csproj", "{17A3EF21-CD5A-479E-A062-75FF82E4D56A}"
EndProject
Project("{9A19103F-16F7-4668-BE54-9A1E7A4F7556}") = "DesignPattern.EntityLayer", "UnitOfWorkDesignPattern\DesignPattern.EntityLayer\DesignPattern.EntityLayer.csproj", "{AE36DF57-0C63-4D5E-81F5-583127A12877}"
EndProject
Project("{9A19103F-16F7-4668-BE54-9A1E7A4F7556}") = "DesignPattern.DataAccessLayer", "UnitOfWorkDesignPattern\DesignPattern.DataAccessLayer\DesignPattern.DataAccessLayer.csproj", "{23850773-D950-4BE3-A3BF-B003E95CB963}"
EndProject
Project("{9A19103F-16F7-4668-BE54-9A1E7A4F7556}") = "DesignPattern.BusinessLayer", "UnitOfWorkDesignPattern\DesignPattern.BusinessLayer\DesignPattern.BusinessLayer.csproj", "{5A240FBE-370D-417E-8344-2BB0B54E8C0D}"
EndProject
Project("{2150E333-8FDC-42A3-9474-1A3956D46DE8}") = "RepositoryDesignPattern", "RepositoryDesignPattern", "{7D74BD06-28B8-485A-B6B2-A8279DFFE213}"
EndProject
Project("{FAE04EC0-301F-11D3-BF4B-00C04F79EFBC}") = "RepositoryDesignPattern.EntityLayer", "RepositoryDesignPattern\RepositoryDesignPattern.EntityLayer\RepositoryDesignPattern.EntityLayer.csproj", "{25752477-4771-4357-A7EF-0FA999EE1838}"
EndProject
Project("{FAE04EC0-301F-11D3-BF4B-00C04F79EFBC}") = "RepositoryDesignPattern.DataAccessLayer", "RepositoryDesignPattern\RepositoryDesignPattern.DataAccessLayer\RepositoryDesignPattern.DataAccessLayer.csproj", "{894CF49B-DDB5-4336-9FE4-5CC81067703A}"
EndProject
Project("{FAE04EC0-301F-11D3-BF4B-00C04F79EFBC}") = "RepositoryDesignPattern.BusinessLayer", "RepositoryDesignPattern\RepositoryDesignPattern.BusinessLayer\RepositoryDesignPattern.BusinessLayer.csproj", "{DC9812F7-12B2-476D-B40D-F48CF975729D}"
EndProject
Project("{FAE04EC0-301F-11D3-BF4B-00C04F79EFBC}") = "RepositoryDesignPattern.PresentationLayer", "RepositoryDesignPattern\RepositoryDesignPattern.PresentationLayer\RepositoryDesignPattern.PresentationLayer.csproj", "{12714EE2-BF72-4183-853F-5AE5F09914E8}"
EndProject
Global
	GlobalSection(SolutionConfigurationPlatforms) = preSolution
		Debug|Any CPU = Debug|Any CPU
		Release|Any CPU = Release|Any CPU
	EndGlobalSection
	GlobalSection(ProjectConfigurationPlatforms) = postSolution
		{7E287D1B-E710-4D69-9A6C-2792556A34E0}.Debug|Any CPU.ActiveCfg = Debug|Any CPU
		{7E287D1B-E710-4D69-9A6C-2792556A34E0}.Debug|Any CPU.Build.0 = Debug|Any CPU
		{7E287D1B-E710-4D69-9A6C-2792556A34E0}.Release|Any CPU.ActiveCfg = Release|Any CPU
		{7E287D1B-E710-4D69-9A6C-2792556A34E0}.Release|Any CPU.Build.0 = Release|Any CPU
		{C6EBBF99-6120-49D9-9206-382A9AD67D6E}.Debug|Any CPU.ActiveCfg = Debug|Any CPU
		{C6EBBF99-6120-49D9-9206-382A9AD67D6E}.Debug|Any CPU.Build.0 = Debug|Any CPU
		{C6EBBF99-6120-49D9-9206-382A9AD67D6E}.Release|Any CPU.ActiveCfg = Release|Any CPU
		{C6EBBF99-6120-49D9-9206-382A9AD67D6E}.Release|Any CPU.Build.0 = Release|Any CPU
		{C655E427-EAE8-4805-8713-F984FBCE1E4D}.Debug|Any CPU.ActiveCfg = Debug|Any CPU
		{C655E427-EAE8-4805-8713-F984FBCE1E4D}.Debug|Any CPU.Build.0 = Debug|Any CPU
		{C655E427-EAE8-4805-8713-F984FBCE1E4D}.Release|Any CPU.ActiveCfg = Release|Any CPU
		{C655E427-EAE8-4805-8713-F984FBCE1E4D}.Release|Any CPU.Build.0 = Release|Any CPU
		{03151BD7-71E0-464F-9469-C4481319A0A1}.Debug|Any CPU.ActiveCfg = Debug|Any CPU
		{03151BD7-71E0-464F-9469-C4481319A0A1}.Debug|Any CPU.Build.0 = Debug|Any CPU
		{03151BD7-71E0-464F-9469-C4481319A0A1}.Release|Any CPU.ActiveCfg = Release|Any CPU
		{03151BD7-71E0-464F-9469-C4481319A0A1}.Release|Any CPU.Build.0 = Release|Any CPU
		{17A3EF21-CD5A-479E-A062-75FF82E4D56A}.Debug|Any CPU.ActiveCfg = Debug|Any CPU
		{17A3EF21-CD5A-479E-A062-75FF82E4D56A}.Debug|Any CPU.Build.0 = Debug|Any CPU
		{17A3EF21-CD5A-479E-A062-75FF82E4D56A}.Release|Any CPU.ActiveCfg = Release|Any CPU
		{17A3EF21-CD5A-479E-A062-75FF82E4D56A}.Release|Any CPU.Build.0 = Release|Any CPU
		{AE36DF57-0C63-4D5E-81F5-583127A12877}.Debug|Any CPU.ActiveCfg = Debug|Any CPU
		{AE36DF57-0C63-4D5E-81F5-583127A12877}.Debug|Any CPU.Build.0 = Debug|Any CPU
		{AE36DF57-0C63-4D5E-81F5-583127A12877}.Release|Any CPU.ActiveCfg = Release|Any CPU
		{AE36DF57-0C63-4D5E-81F5-583127A12877}.Release|Any CPU.Build.0 = Release|Any CPU
		{23850773-D950-4BE3-A3BF-B003E95CB963}.Debug|Any CPU.ActiveCfg = Debug|Any CPU
		{23850773-D950-4BE3-A3BF-B003E95CB963}.Debug|Any CPU.Build.0 = Debug|Any CPU
		{23850773-D950-4BE3-A3BF-B003E95CB963}.Release|Any CPU.ActiveCfg = Release|Any CPU
		{23850773-D950-4BE3-A3BF-B003E95CB963}.Release|Any CPU.Build.0 = Release|Any CPU
		{5A240FBE-370D-417E-8344-2BB0B54E8C0D}.Debug|Any CPU.ActiveCfg = Debug|Any CPU
		{5A240FBE-370D-417E-8344-2BB0B54E8C0D}.Debug|Any CPU.Build.0 = Debug|Any CPU
		{5A240FBE-370D-417E-8344-2BB0B54E8C0D}.Release|Any CPU.ActiveCfg = Release|Any CPU
		{5A240FBE-370D-417E-8344-2BB0B54E8C0D}.Release|Any CPU.Build.0 = Release|Any CPU
		{25752477-4771-4357-A7EF-0FA999EE1838}.Debug|Any CPU.ActiveCfg = Debug|Any CPU
		{25752477-4771-4357-A7EF-0FA999EE1838}.Debug|Any CPU.Build.0 = Debug|Any CPU
		{25752477-4771-4357-A7EF-0FA999EE1838}.Release|Any CPU.ActiveCfg = Release|Any CPU
		{25752477-4771-4357-A7EF-0FA999EE1838}.Release|Any CPU.Build.0 = Release|Any CPU
		{894CF49B-DDB5-4336-9FE4-5CC81067703A}.Debug|Any CPU.ActiveCfg = Debug|Any CPU
		{894CF49B-DDB5-4336-9FE4-5CC81067703A}.Debug|Any CPU.Build.0 = Debug|Any CPU
		{894CF49B-DDB5-4336-9FE4-5CC81067703A}.Release|Any CPU.ActiveCfg = Release|Any CPU
		{894CF49B-DDB5-4336-9FE4-5CC81067703A}.Release|Any CPU.Build.0 = Release|Any CPU
		{DC9812F7-12B2-476D-B40D-F48CF975729D}.Debug|Any CPU.ActiveCfg = Debug|Any CPU
		{DC9812F7-12B2-476D-B40D-F48CF975729D}.Debug|Any CPU.Build.0 = Debug|Any CPU
		{DC9812F7-12B2-476D-B40D-F48CF975729D}.Release|Any CPU.ActiveCfg = Release|Any CPU
		{DC9812F7-12B2-476D-B40D-F48CF975729D}.Release|Any CPU.Build.0 = Release|Any CPU
		{12714EE2-BF72-4183-853F-5AE5F09914E8}.Debug|Any CPU.ActiveCfg = Debug|Any CPU
		{12714EE2-BF72-4183-853F-5AE5F09914E8}.Debug|Any CPU.Build.0 = Debug|Any CPU
		{12714EE2-BF72-4183-853F-5AE5F09914E8}.Release|Any CPU.ActiveCfg = Release|Any CPU
		{12714EE2-BF72-4183-853F-5AE5F09914E8}.Release|Any CPU.Build.0 = Release|Any CPU
	EndGlobalSection
	GlobalSection(SolutionProperties) = preSolution
		HideSolutionNode = FALSE
	EndGlobalSection
	GlobalSection(NestedProjects) = preSolution
		{7E287D1B-E710-4D69-9A6C-2792556A34E0} = {8F2851EE-395B-4301-A9D5-16AD05F22075}
		{C6EBBF99-6120-49D9-9206-382A9AD67D6E} = {52060C90-F2D8-43C8-A140-E531AA57C27A}
		{C655E427-EAE8-4805-8713-F984FBCE1E4D} = {6D150B41-847E-4A49-A5E6-FC8FBDD81A90}
		{03151BD7-71E0-464F-9469-C4481319A0A1} = {6B352516-A4DB-4754-B61B-14B559CF74FE}
		{17A3EF21-CD5A-479E-A062-75FF82E4D56A} = {30548098-4553-4696-8339-2D41190D3DA7}
		{AE36DF57-0C63-4D5E-81F5-583127A12877} = {30548098-4553-4696-8339-2D41190D3DA7}
		{23850773-D950-4BE3-A3BF-B003E95CB963} = {30548098-4553-4696-8339-2D41190D3DA7}
		{5A240FBE-370D-417E-8344-2BB0B54E8C0D} = {30548098-4553-4696-8339-2D41190D3DA7}
		{25752477-4771-4357-A7EF-0FA999EE1838} = {7D74BD06-28B8-485A-B6B2-A8279DFFE213}
		{894CF49B-DDB5-4336-9FE4-5CC81067703A} = {7D74BD06-28B8-485A-B6B2-A8279DFFE213}
		{DC9812F7-12B2-476D-B40D-F48CF975729D} = {7D74BD06-28B8-485A-B6B2-A8279DFFE213}
		{12714EE2-BF72-4183-853F-5AE5F09914E8} = {7D74BD06-28B8-485A-B6B2-A8279DFFE213}
	EndGlobalSection
	GlobalSection(ExtensibilityGlobals) = postSolution
		SolutionGuid = {B874D3C4-BAE0-4023-8334-F86B7058537D}
	EndGlobalSection
EndGlobal
